// !$*UTF8*$!
{
	archiveVersion = 1;
	classes = {
	};
	objectVersion = 50;
	objects = {

/* Begin PBXBuildFile section */
		3F2FC74C263B687400B7AE8D /* horn-sound.wav in Resources */ = {isa = PBXBuildFile; fileRef = 3F2FC74B263B687400B7AE8D /* horn-sound.wav */; };
		3F4F2168263A7C0F0090107A /* Extension.swift in Sources */ = {isa = PBXBuildFile; fileRef = 3F4F2167263A7C0F0090107A /* Extension.swift */; };
		3F4F216A263AA68D0090107A /* GestureModel.swift in Sources */ = {isa = PBXBuildFile; fileRef = 3F4F2169263AA68D0090107A /* GestureModel.swift */; };
		3F4FC4C72639550500C5B50F /* PlayViewController.swift in Sources */ = {isa = PBXBuildFile; fileRef = 3F4FC4C62639550500C5B50F /* PlayViewController.swift */; };
		3F821F382637E8B500AB0AEB /* AppDelegate.swift in Sources */ = {isa = PBXBuildFile; fileRef = 3F821F372637E8B500AB0AEB /* AppDelegate.swift */; };
		3F821F3A2637E8B500AB0AEB /* SceneDelegate.swift in Sources */ = {isa = PBXBuildFile; fileRef = 3F821F392637E8B500AB0AEB /* SceneDelegate.swift */; };
		3F821F3F2637E8B500AB0AEB /* Main.storyboard in Resources */ = {isa = PBXBuildFile; fileRef = 3F821F3D2637E8B500AB0AEB /* Main.storyboard */; };
		3F821F412637E8B600AB0AEB /* Assets.xcassets in Resources */ = {isa = PBXBuildFile; fileRef = 3F821F402637E8B600AB0AEB /* Assets.xcassets */; };
		3F821F442637E8B600AB0AEB /* LaunchScreen.storyboard in Resources */ = {isa = PBXBuildFile; fileRef = 3F821F422637E8B600AB0AEB /* LaunchScreen.storyboard */; };
		EFA61CAC263AC18B002F97A9 /* GradientView.swift in Sources */ = {isa = PBXBuildFile; fileRef = EFA61CAB263AC18B002F97A9 /* GradientView.swift */; };
		EFDC08482639604A00AA5788 /* ToolDetailViewController.swift in Sources */ = {isa = PBXBuildFile; fileRef = EFDC08472639604A00AA5788 /* ToolDetailViewController.swift */; };
		EFEFD03F26393B3E001343A8 /* MateriModel.swift in Sources */ = {isa = PBXBuildFile; fileRef = EFEFD03E26393B3E001343A8 /* MateriModel.swift */; };
		EFEFD04326393B83001343A8 /* ToolModel.swift in Sources */ = {isa = PBXBuildFile; fileRef = EFEFD04226393B83001343A8 /* ToolModel.swift */; };
		EFEFD04B26394267001343A8 /* MateriDetailViewController.swift in Sources */ = {isa = PBXBuildFile; fileRef = EFEFD04A26394267001343A8 /* MateriDetailViewController.swift */; };
/* End PBXBuildFile section */

/* Begin PBXFileReference section */
		3F2FC74B263B687400B7AE8D /* horn-sound.wav */ = {isa = PBXFileReference; lastKnownFileType = audio.wav; path = "horn-sound.wav"; sourceTree = "<group>"; };
		3F4F2167263A7C0F0090107A /* Extension.swift */ = {isa = PBXFileReference; lastKnownFileType = sourcecode.swift; path = Extension.swift; sourceTree = "<group>"; };
		3F4F2169263AA68D0090107A /* GestureModel.swift */ = {isa = PBXFileReference; lastKnownFileType = sourcecode.swift; path = GestureModel.swift; sourceTree = "<group>"; };
		3F4FC4C62639550500C5B50F /* PlayViewController.swift */ = {isa = PBXFileReference; lastKnownFileType = sourcecode.swift; path = PlayViewController.swift; sourceTree = "<group>"; };
		3F821F342637E8B500AB0AEB /* KelistrikanBodyMotor.app */ = {isa = PBXFileReference; explicitFileType = wrapper.application; includeInIndex = 0; path = KelistrikanBodyMotor.app; sourceTree = BUILT_PRODUCTS_DIR; };
		3F821F372637E8B500AB0AEB /* AppDelegate.swift */ = {isa = PBXFileReference; lastKnownFileType = sourcecode.swift; path = AppDelegate.swift; sourceTree = "<group>"; };
		3F821F392637E8B500AB0AEB /* SceneDelegate.swift */ = {isa = PBXFileReference; lastKnownFileType = sourcecode.swift; path = SceneDelegate.swift; sourceTree = "<group>"; };
		3F821F3E2637E8B500AB0AEB /* Base */ = {isa = PBXFileReference; lastKnownFileType = file.storyboard; name = Base; path = Base.lproj/Main.storyboard; sourceTree = "<group>"; };
		3F821F402637E8B600AB0AEB /* Assets.xcassets */ = {isa = PBXFileReference; lastKnownFileType = folder.assetcatalog; path = Assets.xcassets; sourceTree = "<group>"; };
		3F821F432637E8B600AB0AEB /* Base */ = {isa = PBXFileReference; lastKnownFileType = file.storyboard; name = Base; path = Base.lproj/LaunchScreen.storyboard; sourceTree = "<group>"; };
		3F821F452637E8B600AB0AEB /* Info.plist */ = {isa = PBXFileReference; lastKnownFileType = text.plist.xml; path = Info.plist; sourceTree = "<group>"; };
		EFA61CAB263AC18B002F97A9 /* GradientView.swift */ = {isa = PBXFileReference; lastKnownFileType = sourcecode.swift; path = GradientView.swift; sourceTree = "<group>"; };
		EFDC08472639604A00AA5788 /* ToolDetailViewController.swift */ = {isa = PBXFileReference; lastKnownFileType = sourcecode.swift; path = ToolDetailViewController.swift; sourceTree = "<group>"; };
		EFEFD03E26393B3E001343A8 /* MateriModel.swift */ = {isa = PBXFileReference; lastKnownFileType = sourcecode.swift; path = MateriModel.swift; sourceTree = "<group>"; };
		EFEFD04226393B83001343A8 /* ToolModel.swift */ = {isa = PBXFileReference; lastKnownFileType = sourcecode.swift; path = ToolModel.swift; sourceTree = "<group>"; };
		EFEFD04A26394267001343A8 /* MateriDetailViewController.swift */ = {isa = PBXFileReference; lastKnownFileType = sourcecode.swift; path = MateriDetailViewController.swift; sourceTree = "<group>"; };
/* End PBXFileReference section */

/* Begin PBXFrameworksBuildPhase section */
		3F821F312637E8B500AB0AEB /* Frameworks */ = {
			isa = PBXFrameworksBuildPhase;
			buildActionMask = 2147483647;
			files = (
			);
			runOnlyForDeploymentPostprocessing = 0;
		};
/* End PBXFrameworksBuildPhase section */

/* Begin PBXGroup section */
		3F4F2166263A7BFA0090107A /* Extension */ = {
			isa = PBXGroup;
			children = (
				3F4F2167263A7C0F0090107A /* Extension.swift */,
				3F4F2169263AA68D0090107A /* GestureModel.swift */,
			);
			path = Extension;
			sourceTree = "<group>";
		};
		3F821F2B2637E8B500AB0AEB = {
			isa = PBXGroup;
			children = (
				3F2FC74B263B687400B7AE8D /* horn-sound.wav */,
				3F4F2166263A7BFA0090107A /* Extension */,
				3F821F362637E8B500AB0AEB /* KelistrikanBodyMotor */,
				3F821F352637E8B500AB0AEB /* Products */,
			);
			sourceTree = "<group>";
		};
		3F821F352637E8B500AB0AEB /* Products */ = {
			isa = PBXGroup;
			children = (
				3F821F342637E8B500AB0AEB /* KelistrikanBodyMotor.app */,
			);
			name = Products;
			sourceTree = "<group>";
		};
		3F821F362637E8B500AB0AEB /* KelistrikanBodyMotor */ = {
			isa = PBXGroup;
			children = (
				3F4FC4C62639550500C5B50F /* PlayViewController.swift */,
				EFEFD03D26393AB3001343A8 /* Model */,
				3F821F372637E8B500AB0AEB /* AppDelegate.swift */,
				3F821F392637E8B500AB0AEB /* SceneDelegate.swift */,
				3F821F3D2637E8B500AB0AEB /* Main.storyboard */,
				3F821F402637E8B600AB0AEB /* Assets.xcassets */,
				3F821F422637E8B600AB0AEB /* LaunchScreen.storyboard */,
				3F821F452637E8B600AB0AEB /* Info.plist */,
				EFEFD04A26394267001343A8 /* MateriDetailViewController.swift */,
				EFDC08472639604A00AA5788 /* ToolDetailViewController.swift */,
				EFA61CAB263AC18B002F97A9 /* GradientView.swift */,
			);
			path = KelistrikanBodyMotor;
			sourceTree = "<group>";
		};
		EFEFD03D26393AB3001343A8 /* Model */ = {
			isa = PBXGroup;
			children = (
				EFEFD03E26393B3E001343A8 /* MateriModel.swift */,
				EFEFD04226393B83001343A8 /* ToolModel.swift */,
			);
			path = Model;
			sourceTree = "<group>";
		};
/* End PBXGroup section */

/* Begin PBXNativeTarget section */
		3F821F332637E8B500AB0AEB /* KelistrikanBodyMotor */ = {
			isa = PBXNativeTarget;
			buildConfigurationList = 3F821F482637E8B600AB0AEB /* Build configuration list for PBXNativeTarget "KelistrikanBodyMotor" */;
			buildPhases = (
				3F821F302637E8B500AB0AEB /* Sources */,
				3F821F312637E8B500AB0AEB /* Frameworks */,
				3F821F322637E8B500AB0AEB /* Resources */,
			);
			buildRules = (
			);
			dependencies = (
			);
			name = KelistrikanBodyMotor;
			productName = KelistrikanBodyMotor;
			productReference = 3F821F342637E8B500AB0AEB /* KelistrikanBodyMotor.app */;
			productType = "com.apple.product-type.application";
		};
/* End PBXNativeTarget section */

/* Begin PBXProject section */
		3F821F2C2637E8B500AB0AEB /* Project object */ = {
			isa = PBXProject;
			attributes = {
				LastSwiftUpdateCheck = 1240;
				LastUpgradeCheck = 1240;
				TargetAttributes = {
					3F821F332637E8B500AB0AEB = {
						CreatedOnToolsVersion = 12.4;
					};
				};
			};
			buildConfigurationList = 3F821F2F2637E8B500AB0AEB /* Build configuration list for PBXProject "KelistrikanBodyMotor" */;
			compatibilityVersion = "Xcode 9.3";
			developmentRegion = en;
			hasScannedForEncodings = 0;
			knownRegions = (
				en,
				Base,
			);
			mainGroup = 3F821F2B2637E8B500AB0AEB;
			productRefGroup = 3F821F352637E8B500AB0AEB /* Products */;
			projectDirPath = "";
			projectRoot = "";
			targets = (
				3F821F332637E8B500AB0AEB /* KelistrikanBodyMotor */,
			);
		};
/* End PBXProject section */

/* Begin PBXResourcesBuildPhase section */
		3F821F322637E8B500AB0AEB /* Resources */ = {
			isa = PBXResourcesBuildPhase;
			buildActionMask = 2147483647;
			files = (
				3F2FC74C263B687400B7AE8D /* horn-sound.wav in Resources */,
				3F821F442637E8B600AB0AEB /* LaunchScreen.storyboard in Resources */,
				3F821F412637E8B600AB0AEB /* Assets.xcassets in Resources */,
				3F821F3F2637E8B500AB0AEB /* Main.storyboard in Resources */,
			);
			runOnlyForDeploymentPostprocessing = 0;
		};
/* End PBXResourcesBuildPhase section */

/* Begin PBXSourcesBuildPhase section */
		3F821F302637E8B500AB0AEB /* Sources */ = {
			isa = PBXSourcesBuildPhase;
			buildActionMask = 2147483647;
			files = (
				3F4F2168263A7C0F0090107A /* Extension.swift in Sources */,
				3F4F216A263AA68D0090107A /* GestureModel.swift in Sources */,
				3F4FC4C72639550500C5B50F /* PlayViewController.swift in Sources */,
				EFEFD04B26394267001343A8 /* MateriDetailViewController.swift in Sources */,
				EFDC08482639604A00AA5788 /* ToolDetailViewController.swift in Sources */,
				3F821F382637E8B500AB0AEB /* AppDelegate.swift in Sources */,
				EFEFD04326393B83001343A8 /* ToolModel.swift in Sources */,
				EFA61CAC263AC18B002F97A9 /* GradientView.swift in Sources */,
				3F821F3A2637E8B500AB0AEB /* SceneDelegate.swift in Sources */,
				EFEFD03F26393B3E001343A8 /* MateriModel.swift in Sources */,
			);
			runOnlyForDeploymentPostprocessing = 0;
		};
/* End PBXSourcesBuildPhase section */

/* Begin PBXVariantGroup section */
		3F821F3D2637E8B500AB0AEB /* Main.storyboard */ = {
			isa = PBXVariantGroup;
			children = (
				3F821F3E2637E8B500AB0AEB /* Base */,
			);
			name = Main.storyboard;
			sourceTree = "<group>";
		};
		3F821F422637E8B600AB0AEB /* LaunchScreen.storyboard */ = {
			isa = PBXVariantGroup;
			children = (
				3F821F432637E8B600AB0AEB /* Base */,
			);
			name = LaunchScreen.storyboard;
			sourceTree = "<group>";
		};
/* End PBXVariantGroup section */

/* Begin XCBuildConfiguration section */
		3F821F462637E8B600AB0AEB /* Debug */ = {
			isa = XCBuildConfiguration;
			buildSettings = {
				ALWAYS_SEARCH_USER_PATHS = NO;
				CLANG_ANALYZER_NONNULL = YES;
				CLANG_ANALYZER_NUMBER_OBJECT_CONVERSION = YES_AGGRESSIVE;
				CLANG_CXX_LANGUAGE_STANDARD = "gnu++14";
				CLANG_CXX_LIBRARY = "libc++";
				CLANG_ENABLE_MODULES = YES;
				CLANG_ENABLE_OBJC_ARC = YES;
				CLANG_ENABLE_OBJC_WEAK = YES;
				CLANG_WARN_BLOCK_CAPTURE_AUTORELEASING = YES;
				CLANG_WARN_BOOL_CONVERSION = YES;
				CLANG_WARN_COMMA = YES;
				CLANG_WARN_CONSTANT_CONVERSION = YES;
				CLANG_WARN_DEPRECATED_OBJC_IMPLEMENTATIONS = YES;
				CLANG_WARN_DIRECT_OBJC_ISA_USAGE = YES_ERROR;
				CLANG_WARN_DOCUMENTATION_COMMENTS = YES;
				CLANG_WARN_EMPTY_BODY = YES;
				CLANG_WARN_ENUM_CONVERSION = YES;
				CLANG_WARN_INFINITE_RECURSION = YES;
				CLANG_WARN_INT_CONVERSION = YES;
				CLANG_WARN_NON_LITERAL_NULL_CONVERSION = YES;
				CLANG_WARN_OBJC_IMPLICIT_RETAIN_SELF = YES;
				CLANG_WARN_OBJC_LITERAL_CONVERSION = YES;
				CLANG_WARN_OBJC_ROOT_CLASS = YES_ERROR;
				CLANG_WARN_QUOTED_INCLUDE_IN_FRAMEWORK_HEADER = YES;
				CLANG_WARN_RANGE_LOOP_ANALYSIS = YES;
				CLANG_WARN_STRICT_PROTOTYPES = YES;
				CLANG_WARN_SUSPICIOUS_MOVE = YES;
				CLANG_WARN_UNGUARDED_AVAILABILITY = YES_AGGRESSIVE;
				CLANG_WARN_UNREACHABLE_CODE = YES;
				CLANG_WARN__DUPLICATE_METHOD_MATCH = YES;
				COPY_PHASE_STRIP = NO;
				DEBUG_INFORMATION_FORMAT = dwarf;
				ENABLE_STRICT_OBJC_MSGSEND = YES;
				ENABLE_TESTABILITY = YES;
				GCC_C_LANGUAGE_STANDARD = gnu11;
				GCC_DYNAMIC_NO_PIC = NO;
				GCC_NO_COMMON_BLOCKS = YES;
				GCC_OPTIMIZATION_LEVEL = 0;
				GCC_PREPROCESSOR_DEFINITIONS = (
					"DEBUG=1",
					"$(inherited)",
				);
				GCC_WARN_64_TO_32_BIT_CONVERSION = YES;
				GCC_WARN_ABOUT_RETURN_TYPE = YES_ERROR;
				GCC_WARN_UNDECLARED_SELECTOR = YES;
				GCC_WARN_UNINITIALIZED_AUTOS = YES_AGGRESSIVE;
				GCC_WARN_UNUSED_FUNCTION = YES;
				GCC_WARN_UNUSED_VARIABLE = YES;
				IPHONEOS_DEPLOYMENT_TARGET = 14.4;
				MTL_ENABLE_DEBUG_INFO = INCLUDE_SOURCE;
				MTL_FAST_MATH = YES;
				ONLY_ACTIVE_ARCH = YES;
				SDKROOT = iphoneos;
				SWIFT_ACTIVE_COMPILATION_CONDITIONS = DEBUG;
				SWIFT_OPTIMIZATION_LEVEL = "-Onone";
			};
			name = Debug;
		};
		3F821F472637E8B600AB0AEB /* Release */ = {
			isa = XCBuildConfiguration;
			buildSettings = {
				ALWAYS_SEARCH_USER_PATHS = NO;
				CLANG_ANALYZER_NONNULL = YES;
				CLANG_ANALYZER_NUMBER_OBJECT_CONVERSION = YES_AGGRESSIVE;
				CLANG_CXX_LANGUAGE_STANDARD = "gnu++14";
				CLANG_CXX_LIBRARY = "libc++";
				CLANG_ENABLE_MODULES = YES;
				CLANG_ENABLE_OBJC_ARC = YES;
				CLANG_ENABLE_OBJC_WEAK = YES;
				CLANG_WARN_BLOCK_CAPTURE_AUTORELEASING = YES;
				CLANG_WARN_BOOL_CONVERSION = YES;
				CLANG_WARN_COMMA = YES;
				CLANG_WARN_CONSTANT_CONVERSION = YES;
				CLANG_WARN_DEPRECATED_OBJC_IMPLEMENTATIONS = YES;
				CLANG_WARN_DIRECT_OBJC_ISA_USAGE = YES_ERROR;
				CLANG_WARN_DOCUMENTATION_COMMENTS = YES;
				CLANG_WARN_EMPTY_BODY = YES;
				CLANG_WARN_ENUM_CONVERSION = YES;
				CLANG_WARN_INFINITE_RECURSION = YES;
				CLANG_WARN_INT_CONVERSION = YES;
				CLANG_WARN_NON_LITERAL_NULL_CONVERSION = YES;
				CLANG_WARN_OBJC_IMPLICIT_RETAIN_SELF = YES;
				CLANG_WARN_OBJC_LITERAL_CONVERSION = YES;
				CLANG_WARN_OBJC_ROOT_CLASS = YES_ERROR;
				CLANG_WARN_QUOTED_INCLUDE_IN_FRAMEWORK_HEADER = YES;
				CLANG_WARN_RANGE_LOOP_ANALYSIS = YES;
				CLANG_WARN_STRICT_PROTOTYPES = YES;
				CLANG_WARN_SUSPICIOUS_MOVE = YES;
				CLANG_WARN_UNGUARDED_AVAILABILITY = YES_AGGRESSIVE;
				CLANG_WARN_UNREACHABLE_CODE = YES;
				CLANG_WARN__DUPLICATE_METHOD_MATCH = YES;
				COPY_PHASE_STRIP = NO;
				DEBUG_INFORMATION_FORMAT = "dwarf-with-dsym";
				ENABLE_NS_ASSERTIONS = NO;
				ENABLE_STRICT_OBJC_MSGSEND = YES;
				GCC_C_LANGUAGE_STANDARD = gnu11;
				GCC_NO_COMMON_BLOCKS = YES;
				GCC_WARN_64_TO_32_BIT_CONVERSION = YES;
				GCC_WARN_ABOUT_RETURN_TYPE = YES_ERROR;
				GCC_WARN_UNDECLARED_SELECTOR = YES;
				GCC_WARN_UNINITIALIZED_AUTOS = YES_AGGRESSIVE;
				GCC_WARN_UNUSED_FUNCTION = YES;
				GCC_WARN_UNUSED_VARIABLE = YES;
				IPHONEOS_DEPLOYMENT_TARGET = 14.4;
				MTL_ENABLE_DEBUG_INFO = NO;
				MTL_FAST_MATH = YES;
				SDKROOT = iphoneos;
				SWIFT_COMPILATION_MODE = wholemodule;
				SWIFT_OPTIMIZATION_LEVEL = "-O";
				VALIDATE_PRODUCT = YES;
			};
			name = Release;
		};
		3F821F492637E8B600AB0AEB /* Debug */ = {
			isa = XCBuildConfiguration;
			buildSettings = {
				ASSETCATALOG_COMPILER_APPICON_NAME = AppIcon;
				ASSETCATALOG_COMPILER_GLOBAL_ACCENT_COLOR_NAME = AccentColor;
				CODE_SIGN_STYLE = Automatic;
				DEVELOPMENT_TEAM = "";
				INFOPLIST_FILE = KelistrikanBodyMotor/Info.plist;
				LD_RUNPATH_SEARCH_PATHS = (
					"$(inherited)",
					"@executable_path/Frameworks",
				);
				PRODUCT_BUNDLE_IDENTIFIER = com.sehatsejahtera.KelistrikanBodyMotor;
				PRODUCT_NAME = "$(TARGET_NAME)";
				SWIFT_VERSION = 5.0;
				TARGETED_DEVICE_FAMILY = "1,2";
			};
			name = Debug;
		};
		3F821F4A2637E8B600AB0AEB /* Release */ = {
			isa = XCBuildConfiguration;
			buildSettings = {
				ASSETCATALOG_COMPILER_APPICON_NAME = AppIcon;
				ASSETCATALOG_COMPILER_GLOBAL_ACCENT_COLOR_NAME = AccentColor;
				CODE_SIGN_STYLE = Automatic;
				DEVELOPMENT_TEAM = "";
				INFOPLIST_FILE = KelistrikanBodyMotor/Info.plist;
				LD_RUNPATH_SEARCH_PATHS = (
					"$(inherited)",
					"@executable_path/Frameworks",
				);
				PRODUCT_BUNDLE_IDENTIFIER = com.sehatsejahtera.KelistrikanBodyMotor;
				PRODUCT_NAME = "$(TARGET_NAME)";
				SWIFT_VERSION = 5.0;
				TARGETED_DEVICE_FAMILY = "1,2";
			};
			name = Release;
		};
/* End XCBuildConfiguration section */

/* Begin XCConfigurationList section */
		3F821F2F2637E8B500AB0AEB /* Build configuration list for PBXProject "KelistrikanBodyMotor" */ = {
			isa = XCConfigurationList;
			buildConfigurations = (
				3F821F462637E8B600AB0AEB /* Debug */,
				3F821F472637E8B600AB0AEB /* Release */,
			);
			defaultConfigurationIsVisible = 0;
			defaultConfigurationName = Release;
		};
		3F821F482637E8B600AB0AEB /* Build configuration list for PBXNativeTarget "KelistrikanBodyMotor" */ = {
			isa = XCConfigurationList;
			buildConfigurations = (
				3F821F492637E8B600AB0AEB /* Debug */,
				3F821F4A2637E8B600AB0AEB /* Release */,
			);
			defaultConfigurationIsVisible = 0;
			defaultConfigurationName = Release;
		};
/* End XCConfigurationList section */
	};
	rootObject = 3F821F2C2637E8B500AB0AEB /* Project object */;
}
